
Microsoft Visual Studio Solution File, Format Version 12.00
Project("{FAE04EC0-301F-11D3-BF4B-00C04F79EFBC}") = "WpfApp1", "WpfApp1\WpfApp1.csproj", "{0FD75F53-5773-4276-8F93-2F3C05AF83E3}"
EndProject
Project("{FAE04EC0-301F-11D3-BF4B-00C04F79EFBC}") = "ConsoleApp1", "ConsoleApp1\ConsoleApp1.csproj", "{9EB71B5E-7CEF-47A2-A600-86FD0316332A}"
EndProject
Global
	GlobalSection(SolutionConfigurationPlatforms) = preSolution
		Debug|Any CPU = Debug|Any CPU
		Release|Any CPU = Release|Any CPU
	EndGlobalSection
	GlobalSection(ProjectConfigurationPlatforms) = postSolution
		{0FD75F53-5773-4276-8F93-2F3C05AF83E3}.Debug|Any CPU.ActiveCfg = Debug|Any CPU
		{0FD75F53-5773-4276-8F93-2F3C05AF83E3}.Debug|Any CPU.Build.0 = Debug|Any CPU
		{0FD75F53-5773-4276-8F93-2F3C05AF83E3}.Release|Any CPU.ActiveCfg = Release|Any CPU
		{0FD75F53-5773-4276-8F93-2F3C05AF83E3}.Release|Any CPU.Build.0 = Release|Any CPU
		{9EB71B5E-7CEF-47A2-A600-86FD0316332A}.Debug|Any CPU.ActiveCfg = Debug|Any CPU
		{9EB71B5E-7CEF-47A2-A600-86FD0316332A}.Debug|Any CPU.Build.0 = Debug|Any CPU
		{9EB71B5E-7CEF-47A2-A600-86FD0316332A}.Release|Any CPU.ActiveCfg = Release|Any CPU
		{9EB71B5E-7CEF-47A2-A600-86FD0316332A}.Release|Any CPU.Build.0 = Release|Any CPU
	EndGlobalSection
EndGlobal
